
Microsoft Visual Studio Solution File, Format Version 12.00
# Visual Studio 15
VisualStudioVersion = 15.0.28307.757
MinimumVisualStudioVersion = 10.0.40219.1
Project("{9A19103F-16F7-4668-BE54-9A1E7A4F7556}") = "SandBoxAppSelleniumTests", "SandBoxAppSelleniumTests\SandBoxAppSelleniumTests.csproj", "{6828EB6C-28B9-44F6-9D05-8CDA6479EDC9}"
EndProject
Global
	GlobalSection(SolutionConfigurationPlatforms) = preSolution
		Debug|Any CPU = Debug|Any CPU
		Release|Any CPU = Release|Any CPU
	EndGlobalSection
	GlobalSection(ProjectConfigurationPlatforms) = postSolution
		{6828EB6C-28B9-44F6-9D05-8CDA6479EDC9}.Debug|Any CPU.ActiveCfg = Debug|Any CPU
		{6828EB6C-28B9-44F6-9D05-8CDA6479EDC9}.Debug|Any CPU.Build.0 = Debug|Any CPU
		{6828EB6C-28B9-44F6-9D05-8CDA6479EDC9}.Release|Any CPU.ActiveCfg = Release|Any CPU
		{6828EB6C-28B9-44F6-9D05-8CDA6479EDC9}.Release|Any CPU.Build.0 = Release|Any CPU
	EndGlobalSection
	GlobalSection(SolutionProperties) = preSolution
		HideSolutionNode = FALSE
	EndGlobalSection
	GlobalSection(ExtensibilityGlobals) = postSolution
		SolutionGuid = {E2D89196-26B1-4444-849F-1EF84FD4F93E}
	EndGlobalSection
EndGlobal
